
Microsoft Visual Studio Solution File, Format Version 12.00
# Visual Studio Version 16
VisualStudioVersion = 16.0.33130.400
MinimumVisualStudioVersion = 10.0.40219.1
Project("{FAE04EC0-301F-11D3-BF4B-00C04F79EFBC}") = "WebApplicationFATEC", "WebApplicationFATEC.csproj", "{E7BC9ECD-3C53-4B41-9CA3-371F304B3836}"
EndProject
Global
	GlobalSection(SolutionConfigurationPlatforms) = preSolution
		Debug|Any CPU = Debug|Any CPU
		Release|Any CPU = Release|Any CPU
	EndGlobalSection
	GlobalSection(ProjectConfigurationPlatforms) = postSolution
		{E7BC9ECD-3C53-4B41-9CA3-371F304B3836}.Debug|Any CPU.ActiveCfg = Debug|Any CPU
		{E7BC9ECD-3C53-4B41-9CA3-371F304B3836}.Debug|Any CPU.Build.0 = Debug|Any CPU
		{E7BC9ECD-3C53-4B41-9CA3-371F304B3836}.Release|Any CPU.ActiveCfg = Release|Any CPU
		{E7BC9ECD-3C53-4B41-9CA3-371F304B3836}.Release|Any CPU.Build.0 = Release|Any CPU
	EndGlobalSection
	GlobalSection(SolutionProperties) = preSolution
		HideSolutionNode = FALSE
	EndGlobalSection
	GlobalSection(ExtensibilityGlobals) = postSolution
		SolutionGuid = {9C66FBD8-F01A-4CF7-91F3-AD7439133B68}
	EndGlobalSection
EndGlobal
